
Microsoft Visual Studio Solution File, Format Version 12.00
# Visual Studio Version 17
VisualStudioVersion = 17.2.32505.173
MinimumVisualStudioVersion = 10.0.40219.1
Project("{FAE04EC0-301F-11D3-BF4B-00C04F79EFBC}") = "MillionDollarWebpage3.Api", "MillionDollarWebpage3.Api\MillionDollarWebpage3.Api.csproj", "{6C09A321-B7DD-4EF9-BB07-6B12E1F5DFD7}"
EndProject
Global
	GlobalSection(SolutionConfigurationPlatforms) = preSolution
		Debug|Any CPU = Debug|Any CPU
		Release|Any CPU = Release|Any CPU
	EndGlobalSection
	GlobalSection(ProjectConfigurationPlatforms) = postSolution
		{6C09A321-B7DD-4EF9-BB07-6B12E1F5DFD7}.Debug|Any CPU.ActiveCfg = Debug|Any CPU
		{6C09A321-B7DD-4EF9-BB07-6B12E1F5DFD7}.Debug|Any CPU.Build.0 = Debug|Any CPU
		{6C09A321-B7DD-4EF9-BB07-6B12E1F5DFD7}.Release|Any CPU.ActiveCfg = Release|Any CPU
		{6C09A321-B7DD-4EF9-BB07-6B12E1F5DFD7}.Release|Any CPU.Build.0 = Release|Any CPU
	EndGlobalSection
	GlobalSection(SolutionProperties) = preSolution
		HideSolutionNode = FALSE
	EndGlobalSection
	GlobalSection(ExtensibilityGlobals) = postSolution
		SolutionGuid = {B337681E-9EC1-4F5A-BE94-E108C8163855}
	EndGlobalSection
EndGlobal
